// !$*UTF8*$!
{
	archiveVersion = 1;
	classes = {
	};
	objectVersion = 48;
	objects = {

/* Begin PBXBuildFile section */
		7871584D8D6C3EE14DF7D443 /* Pods_M2020EscrowUITests.framework in Frameworks */ = {isa = PBXBuildFile; fileRef = CF86AFD920028D39FBD84328 /* Pods_M2020EscrowUITests.framework */; };
		CEFDC25A45C9179E71387307 /* Pods_M2020EscrowTests.framework in Frameworks */ = {isa = PBXBuildFile; fileRef = 997ED97FEF2DF79D5B2A0D0C /* Pods_M2020EscrowTests.framework */; };
		D847A23E1F9C2950005086FA /* UserRegestrationObject.swift in Sources */ = {isa = PBXBuildFile; fileRef = D847A23D1F9C2950005086FA /* UserRegestrationObject.swift */; };
		D847A2401F9C361D005086FA /* EnterNewAccountCCViewController.swift in Sources */ = {isa = PBXBuildFile; fileRef = D847A23F1F9C361D005086FA /* EnterNewAccountCCViewController.swift */; };
		D847A2431F9C4F1C005086FA /* UserLoginViewController.swift in Sources */ = {isa = PBXBuildFile; fileRef = D847A2411F9C4F1C005086FA /* UserLoginViewController.swift */; };
		D847A2441F9C4F1C005086FA /* UserLoginViewController.xib in Resources */ = {isa = PBXBuildFile; fileRef = D847A2421F9C4F1C005086FA /* UserLoginViewController.xib */; };
		D87C083F1F9BC44F003835D1 /* AppDelegate.swift in Sources */ = {isa = PBXBuildFile; fileRef = D87C083E1F9BC44F003835D1 /* AppDelegate.swift */; };
		D87C08411F9BC44F003835D1 /* ViewController.swift in Sources */ = {isa = PBXBuildFile; fileRef = D87C08401F9BC44F003835D1 /* ViewController.swift */; };
		D87C08441F9BC44F003835D1 /* Main.storyboard in Resources */ = {isa = PBXBuildFile; fileRef = D87C08421F9BC44F003835D1 /* Main.storyboard */; };
		D87C08461F9BC44F003835D1 /* Assets.xcassets in Resources */ = {isa = PBXBuildFile; fileRef = D87C08451F9BC44F003835D1 /* Assets.xcassets */; };
		D87C08491F9BC44F003835D1 /* LaunchScreen.storyboard in Resources */ = {isa = PBXBuildFile; fileRef = D87C08471F9BC44F003835D1 /* LaunchScreen.storyboard */; };
		D87C08541F9BC44F003835D1 /* M2020EscrowTests.swift in Sources */ = {isa = PBXBuildFile; fileRef = D87C08531F9BC44F003835D1 /* M2020EscrowTests.swift */; };
		D87C085F1F9BC44F003835D1 /* M2020EscrowUITests.swift in Sources */ = {isa = PBXBuildFile; fileRef = D87C085E1F9BC44F003835D1 /* M2020EscrowUITests.swift */; };
		D8FB59F51F9BF12A00E41437 /* SignInFirstStep.swift in Sources */ = {isa = PBXBuildFile; fileRef = D8FB59F31F9BF12A00E41437 /* SignInFirstStep.swift */; };
		D8FB59F61F9BF12A00E41437 /* SignInFirstStep.xib in Resources */ = {isa = PBXBuildFile; fileRef = D8FB59F41F9BF12A00E41437 /* SignInFirstStep.xib */; };
		D8FB59FA1F9BF5D800E41437 /* NewUserSignUpFlow.storyboard in Resources */ = {isa = PBXBuildFile; fileRef = D8FB59F91F9BF5D800E41437 /* NewUserSignUpFlow.storyboard */; };
		D8FB59FC1F9BF8A400E41437 /* EnterNewAccountInfo.swift in Sources */ = {isa = PBXBuildFile; fileRef = D8FB59FB1F9BF8A400E41437 /* EnterNewAccountInfo.swift */; };
		E491D97D105E17708015635E /* Pods_M2020Escrow.framework in Frameworks */ = {isa = PBXBuildFile; fileRef = 300A102AD91469D48A2CCF98 /* Pods_M2020Escrow.framework */; };
/* End PBXBuildFile section */

/* Begin PBXContainerItemProxy section */
		D87C08501F9BC44F003835D1 /* PBXContainerItemProxy */ = {
			isa = PBXContainerItemProxy;
			containerPortal = D87C08331F9BC44F003835D1 /* Project object */;
			proxyType = 1;
			remoteGlobalIDString = D87C083A1F9BC44F003835D1;
			remoteInfo = M2020Escrow;
		};
		D87C085B1F9BC44F003835D1 /* PBXContainerItemProxy */ = {
			isa = PBXContainerItemProxy;
			containerPortal = D87C08331F9BC44F003835D1 /* Project object */;
			proxyType = 1;
			remoteGlobalIDString = D87C083A1F9BC44F003835D1;
			remoteInfo = M2020Escrow;
		};
/* End PBXContainerItemProxy section */

/* Begin PBXFileReference section */
		300A102AD91469D48A2CCF98 /* Pods_M2020Escrow.framework */ = {isa = PBXFileReference; explicitFileType = wrapper.framework; includeInIndex = 0; path = Pods_M2020Escrow.framework; sourceTree = BUILT_PRODUCTS_DIR; };
		4849193D4B209D1308EA8DB2 /* Pods-M2020Escrow.debug.xcconfig */ = {isa = PBXFileReference; includeInIndex = 1; lastKnownFileType = text.xcconfig; name = "Pods-M2020Escrow.debug.xcconfig"; path = "Pods/Target Support Files/Pods-M2020Escrow/Pods-M2020Escrow.debug.xcconfig"; sourceTree = "<group>"; };
		59DC2E60B1C6032A0868A5A4 /* Pods-M2020EscrowTests.debug.xcconfig */ = {isa = PBXFileReference; includeInIndex = 1; lastKnownFileType = text.xcconfig; name = "Pods-M2020EscrowTests.debug.xcconfig"; path = "Pods/Target Support Files/Pods-M2020EscrowTests/Pods-M2020EscrowTests.debug.xcconfig"; sourceTree = "<group>"; };
		67A839FAC745B29D944C0C68 /* Pods-M2020EscrowUITests.debug.xcconfig */ = {isa = PBXFileReference; includeInIndex = 1; lastKnownFileType = text.xcconfig; name = "Pods-M2020EscrowUITests.debug.xcconfig"; path = "Pods/Target Support Files/Pods-M2020EscrowUITests/Pods-M2020EscrowUITests.debug.xcconfig"; sourceTree = "<group>"; };
		7C3DA0BB2B4F0DA864091EF0 /* Pods-M2020EscrowUITests.release.xcconfig */ = {isa = PBXFileReference; includeInIndex = 1; lastKnownFileType = text.xcconfig; name = "Pods-M2020EscrowUITests.release.xcconfig"; path = "Pods/Target Support Files/Pods-M2020EscrowUITests/Pods-M2020EscrowUITests.release.xcconfig"; sourceTree = "<group>"; };
		997ED97FEF2DF79D5B2A0D0C /* Pods_M2020EscrowTests.framework */ = {isa = PBXFileReference; explicitFileType = wrapper.framework; includeInIndex = 0; path = Pods_M2020EscrowTests.framework; sourceTree = BUILT_PRODUCTS_DIR; };
		CF86AFD920028D39FBD84328 /* Pods_M2020EscrowUITests.framework */ = {isa = PBXFileReference; explicitFileType = wrapper.framework; includeInIndex = 0; path = Pods_M2020EscrowUITests.framework; sourceTree = BUILT_PRODUCTS_DIR; };
		D847A23D1F9C2950005086FA /* UserRegestrationObject.swift */ = {isa = PBXFileReference; lastKnownFileType = sourcecode.swift; path = UserRegestrationObject.swift; sourceTree = "<group>"; };
		D847A23F1F9C361D005086FA /* EnterNewAccountCCViewController.swift */ = {isa = PBXFileReference; lastKnownFileType = sourcecode.swift; path = EnterNewAccountCCViewController.swift; sourceTree = "<group>"; };
		D847A2411F9C4F1C005086FA /* UserLoginViewController.swift */ = {isa = PBXFileReference; lastKnownFileType = sourcecode.swift; path = UserLoginViewController.swift; sourceTree = "<group>"; };
		D847A2421F9C4F1C005086FA /* UserLoginViewController.xib */ = {isa = PBXFileReference; lastKnownFileType = file.xib; path = UserLoginViewController.xib; sourceTree = "<group>"; };
		D87C083B1F9BC44F003835D1 /* M2020Escrow.app */ = {isa = PBXFileReference; explicitFileType = wrapper.application; includeInIndex = 0; path = M2020Escrow.app; sourceTree = BUILT_PRODUCTS_DIR; };
		D87C083E1F9BC44F003835D1 /* AppDelegate.swift */ = {isa = PBXFileReference; lastKnownFileType = sourcecode.swift; path = AppDelegate.swift; sourceTree = "<group>"; };
		D87C08401F9BC44F003835D1 /* ViewController.swift */ = {isa = PBXFileReference; lastKnownFileType = sourcecode.swift; path = ViewController.swift; sourceTree = "<group>"; };
		D87C08431F9BC44F003835D1 /* Base */ = {isa = PBXFileReference; lastKnownFileType = file.storyboard; name = Base; path = Base.lproj/Main.storyboard; sourceTree = "<group>"; };
		D87C08451F9BC44F003835D1 /* Assets.xcassets */ = {isa = PBXFileReference; lastKnownFileType = folder.assetcatalog; path = Assets.xcassets; sourceTree = "<group>"; };
		D87C08481F9BC44F003835D1 /* Base */ = {isa = PBXFileReference; lastKnownFileType = file.storyboard; name = Base; path = Base.lproj/LaunchScreen.storyboard; sourceTree = "<group>"; };
		D87C084A1F9BC44F003835D1 /* Info.plist */ = {isa = PBXFileReference; lastKnownFileType = text.plist.xml; path = Info.plist; sourceTree = "<group>"; };
		D87C084F1F9BC44F003835D1 /* M2020EscrowTests.xctest */ = {isa = PBXFileReference; explicitFileType = wrapper.cfbundle; includeInIndex = 0; path = M2020EscrowTests.xctest; sourceTree = BUILT_PRODUCTS_DIR; };
		D87C08531F9BC44F003835D1 /* M2020EscrowTests.swift */ = {isa = PBXFileReference; lastKnownFileType = sourcecode.swift; path = M2020EscrowTests.swift; sourceTree = "<group>"; };
		D87C08551F9BC44F003835D1 /* Info.plist */ = {isa = PBXFileReference; lastKnownFileType = text.plist.xml; path = Info.plist; sourceTree = "<group>"; };
		D87C085A1F9BC44F003835D1 /* M2020EscrowUITests.xctest */ = {isa = PBXFileReference; explicitFileType = wrapper.cfbundle; includeInIndex = 0; path = M2020EscrowUITests.xctest; sourceTree = BUILT_PRODUCTS_DIR; };
		D87C085E1F9BC44F003835D1 /* M2020EscrowUITests.swift */ = {isa = PBXFileReference; lastKnownFileType = sourcecode.swift; path = M2020EscrowUITests.swift; sourceTree = "<group>"; };
		D87C08601F9BC44F003835D1 /* Info.plist */ = {isa = PBXFileReference; lastKnownFileType = text.plist.xml; path = Info.plist; sourceTree = "<group>"; };
		D8FB59F31F9BF12A00E41437 /* SignInFirstStep.swift */ = {isa = PBXFileReference; lastKnownFileType = sourcecode.swift; path = SignInFirstStep.swift; sourceTree = "<group>"; };
		D8FB59F41F9BF12A00E41437 /* SignInFirstStep.xib */ = {isa = PBXFileReference; lastKnownFileType = file.xib; path = SignInFirstStep.xib; sourceTree = "<group>"; };
		D8FB59F91F9BF5D800E41437 /* NewUserSignUpFlow.storyboard */ = {isa = PBXFileReference; lastKnownFileType = file.storyboard; path = NewUserSignUpFlow.storyboard; sourceTree = "<group>"; };
		D8FB59FB1F9BF8A400E41437 /* EnterNewAccountInfo.swift */ = {isa = PBXFileReference; lastKnownFileType = sourcecode.swift; path = EnterNewAccountInfo.swift; sourceTree = "<group>"; };
		DB565297EA2A4F29A4BC78F7 /* Pods-M2020EscrowTests.release.xcconfig */ = {isa = PBXFileReference; includeInIndex = 1; lastKnownFileType = text.xcconfig; name = "Pods-M2020EscrowTests.release.xcconfig"; path = "Pods/Target Support Files/Pods-M2020EscrowTests/Pods-M2020EscrowTests.release.xcconfig"; sourceTree = "<group>"; };
		F17570A47F7BD72D38202DDB /* Pods-M2020Escrow.release.xcconfig */ = {isa = PBXFileReference; includeInIndex = 1; lastKnownFileType = text.xcconfig; name = "Pods-M2020Escrow.release.xcconfig"; path = "Pods/Target Support Files/Pods-M2020Escrow/Pods-M2020Escrow.release.xcconfig"; sourceTree = "<group>"; };
/* End PBXFileReference section */

/* Begin PBXFrameworksBuildPhase section */
		D87C08381F9BC44F003835D1 /* Frameworks */ = {
			isa = PBXFrameworksBuildPhase;
			buildActionMask = 2147483647;
			files = (
				E491D97D105E17708015635E /* Pods_M2020Escrow.framework in Frameworks */,
			);
			runOnlyForDeploymentPostprocessing = 0;
		};
		D87C084C1F9BC44F003835D1 /* Frameworks */ = {
			isa = PBXFrameworksBuildPhase;
			buildActionMask = 2147483647;
			files = (
				CEFDC25A45C9179E71387307 /* Pods_M2020EscrowTests.framework in Frameworks */,
			);
			runOnlyForDeploymentPostprocessing = 0;
		};
		D87C08571F9BC44F003835D1 /* Frameworks */ = {
			isa = PBXFrameworksBuildPhase;
			buildActionMask = 2147483647;
			files = (
				7871584D8D6C3EE14DF7D443 /* Pods_M2020EscrowUITests.framework in Frameworks */,
			);
			runOnlyForDeploymentPostprocessing = 0;
		};
/* End PBXFrameworksBuildPhase section */

/* Begin PBXGroup section */
		526D1F242A7945E125CBC1DF /* Pods */ = {
			isa = PBXGroup;
			children = (
				4849193D4B209D1308EA8DB2 /* Pods-M2020Escrow.debug.xcconfig */,
				F17570A47F7BD72D38202DDB /* Pods-M2020Escrow.release.xcconfig */,
				59DC2E60B1C6032A0868A5A4 /* Pods-M2020EscrowTests.debug.xcconfig */,
				DB565297EA2A4F29A4BC78F7 /* Pods-M2020EscrowTests.release.xcconfig */,
				67A839FAC745B29D944C0C68 /* Pods-M2020EscrowUITests.debug.xcconfig */,
				7C3DA0BB2B4F0DA864091EF0 /* Pods-M2020EscrowUITests.release.xcconfig */,
			);
			name = Pods;
			sourceTree = "<group>";
		};
		98BA46CFF43FBAC95E5CFBA0 /* Frameworks */ = {
			isa = PBXGroup;
			children = (
				300A102AD91469D48A2CCF98 /* Pods_M2020Escrow.framework */,
				997ED97FEF2DF79D5B2A0D0C /* Pods_M2020EscrowTests.framework */,
				CF86AFD920028D39FBD84328 /* Pods_M2020EscrowUITests.framework */,
			);
			name = Frameworks;
			sourceTree = "<group>";
		};
		D87C08321F9BC44F003835D1 = {
			isa = PBXGroup;
			children = (
				D87C083D1F9BC44F003835D1 /* M2020Escrow */,
				D87C08521F9BC44F003835D1 /* M2020EscrowTests */,
				D87C085D1F9BC44F003835D1 /* M2020EscrowUITests */,
				D87C083C1F9BC44F003835D1 /* Products */,
				526D1F242A7945E125CBC1DF /* Pods */,
				98BA46CFF43FBAC95E5CFBA0 /* Frameworks */,
			);
			sourceTree = "<group>";
		};
		D87C083C1F9BC44F003835D1 /* Products */ = {
			isa = PBXGroup;
			children = (
				D87C083B1F9BC44F003835D1 /* M2020Escrow.app */,
				D87C084F1F9BC44F003835D1 /* M2020EscrowTests.xctest */,
				D87C085A1F9BC44F003835D1 /* M2020EscrowUITests.xctest */,
			);
			name = Products;
			sourceTree = "<group>";
		};
		D87C083D1F9BC44F003835D1 /* M2020Escrow */ = {
			isa = PBXGroup;
			children = (
				D87C083E1F9BC44F003835D1 /* AppDelegate.swift */,
				D87C08401F9BC44F003835D1 /* ViewController.swift */,
				D87C08421F9BC44F003835D1 /* Main.storyboard */,
				D87C08701F9BDE28003835D1 /* Sign in and Up */,
				D87C08451F9BC44F003835D1 /* Assets.xcassets */,
				D87C08471F9BC44F003835D1 /* LaunchScreen.storyboard */,
				D87C084A1F9BC44F003835D1 /* Info.plist */,
			);
			path = M2020Escrow;
			sourceTree = "<group>";
		};
		D87C08521F9BC44F003835D1 /* M2020EscrowTests */ = {
			isa = PBXGroup;
			children = (
				D87C08531F9BC44F003835D1 /* M2020EscrowTests.swift */,
				D87C08551F9BC44F003835D1 /* Info.plist */,
			);
			path = M2020EscrowTests;
			sourceTree = "<group>";
		};
		D87C085D1F9BC44F003835D1 /* M2020EscrowUITests */ = {
			isa = PBXGroup;
			children = (
				D87C085E1F9BC44F003835D1 /* M2020EscrowUITests.swift */,
				D87C08601F9BC44F003835D1 /* Info.plist */,
			);
			path = M2020EscrowUITests;
			sourceTree = "<group>";
		};
		D87C08701F9BDE28003835D1 /* Sign in and Up */ = {
			isa = PBXGroup;
			children = (
				D8FB59F71F9BF13500E41437 /* Classes */,
				D8FB59F81F9BF14000E41437 /* Xibs */,
			);
			path = "Sign in and Up";
			sourceTree = "<group>";
		};
		D8FB59F71F9BF13500E41437 /* Classes */ = {
			isa = PBXGroup;
			children = (
				D847A23D1F9C2950005086FA /* UserRegestrationObject.swift */,
				D8FB59F31F9BF12A00E41437 /* SignInFirstStep.swift */,
				D8FB59FB1F9BF8A400E41437 /* EnterNewAccountInfo.swift */,
				D847A23F1F9C361D005086FA /* EnterNewAccountCCViewController.swift */,
				D847A2411F9C4F1C005086FA /* UserLoginViewController.swift */,
			);
			path = Classes;
			sourceTree = "<group>";
		};
		D8FB59F81F9BF14000E41437 /* Xibs */ = {
			isa = PBXGroup;
			children = (
				D847A2421F9C4F1C005086FA /* UserLoginViewController.xib */,
				D8FB59F91F9BF5D800E41437 /* NewUserSignUpFlow.storyboard */,
				D8FB59F41F9BF12A00E41437 /* SignInFirstStep.xib */,
			);
			path = Xibs;
			sourceTree = "<group>";
		};
/* End PBXGroup section */

/* Begin PBXNativeTarget section */
		D87C083A1F9BC44F003835D1 /* M2020Escrow */ = {
			isa = PBXNativeTarget;
			buildConfigurationList = D87C08631F9BC44F003835D1 /* Build configuration list for PBXNativeTarget "M2020Escrow" */;
			buildPhases = (
				12BE583ADD8EFC83B55F0496 /* [CP] Check Pods Manifest.lock */,
				D87C08371F9BC44F003835D1 /* Sources */,
				D87C08381F9BC44F003835D1 /* Frameworks */,
				D87C08391F9BC44F003835D1 /* Resources */,
				D84479886E9AD42FC9A174F5 /* [CP] Embed Pods Frameworks */,
				5D6CE1492756D6DD32A539B5 /* [CP] Copy Pods Resources */,
			);
			buildRules = (
			);
			dependencies = (
			);
			name = M2020Escrow;
			productName = M2020Escrow;
			productReference = D87C083B1F9BC44F003835D1 /* M2020Escrow.app */;
			productType = "com.apple.product-type.application";
		};
		D87C084E1F9BC44F003835D1 /* M2020EscrowTests */ = {
			isa = PBXNativeTarget;
			buildConfigurationList = D87C08661F9BC44F003835D1 /* Build configuration list for PBXNativeTarget "M2020EscrowTests" */;
			buildPhases = (
				C71959AD2006F3695F7E24E3 /* [CP] Check Pods Manifest.lock */,
				D87C084B1F9BC44F003835D1 /* Sources */,
				D87C084C1F9BC44F003835D1 /* Frameworks */,
				D87C084D1F9BC44F003835D1 /* Resources */,
				17D361A32BE6F275529AC175 /* [CP] Embed Pods Frameworks */,
				B0A8A31906CDD75DCC88C6D5 /* [CP] Copy Pods Resources */,
			);
			buildRules = (
			);
			dependencies = (
				D87C08511F9BC44F003835D1 /* PBXTargetDependency */,
			);
			name = M2020EscrowTests;
			productName = M2020EscrowTests;
			productReference = D87C084F1F9BC44F003835D1 /* M2020EscrowTests.xctest */;
			productType = "com.apple.product-type.bundle.unit-test";
		};
		D87C08591F9BC44F003835D1 /* M2020EscrowUITests */ = {
			isa = PBXNativeTarget;
			buildConfigurationList = D87C08691F9BC44F003835D1 /* Build configuration list for PBXNativeTarget "M2020EscrowUITests" */;
			buildPhases = (
				BA07487C72B0D5CAA18BB0A8 /* [CP] Check Pods Manifest.lock */,
				D87C08561F9BC44F003835D1 /* Sources */,
				D87C08571F9BC44F003835D1 /* Frameworks */,
				D87C08581F9BC44F003835D1 /* Resources */,
				B2B70378E8A93FC6C4AEE35B /* [CP] Embed Pods Frameworks */,
				24B616B3A4222B86BCDD18E4 /* [CP] Copy Pods Resources */,
			);
			buildRules = (
			);
			dependencies = (
				D87C085C1F9BC44F003835D1 /* PBXTargetDependency */,
			);
			name = M2020EscrowUITests;
			productName = M2020EscrowUITests;
			productReference = D87C085A1F9BC44F003835D1 /* M2020EscrowUITests.xctest */;
			productType = "com.apple.product-type.bundle.ui-testing";
		};
/* End PBXNativeTarget section */

/* Begin PBXProject section */
		D87C08331F9BC44F003835D1 /* Project object */ = {
			isa = PBXProject;
			attributes = {
				LastSwiftUpdateCheck = 0900;
				LastUpgradeCheck = 0900;
				ORGANIZATIONNAME = "Nathan khosla";
				TargetAttributes = {
					D87C083A1F9BC44F003835D1 = {
						CreatedOnToolsVersion = 9.0;
						ProvisioningStyle = Automatic;
					};
					D87C084E1F9BC44F003835D1 = {
						CreatedOnToolsVersion = 9.0;
						ProvisioningStyle = Automatic;
						TestTargetID = D87C083A1F9BC44F003835D1;
					};
					D87C08591F9BC44F003835D1 = {
						CreatedOnToolsVersion = 9.0;
						ProvisioningStyle = Automatic;
						TestTargetID = D87C083A1F9BC44F003835D1;
					};
				};
			};
			buildConfigurationList = D87C08361F9BC44F003835D1 /* Build configuration list for PBXProject "M2020Escrow" */;
			compatibilityVersion = "Xcode 8.0";
			developmentRegion = en;
			hasScannedForEncodings = 0;
			knownRegions = (
				en,
				Base,
			);
			mainGroup = D87C08321F9BC44F003835D1;
			productRefGroup = D87C083C1F9BC44F003835D1 /* Products */;
			projectDirPath = "";
			projectRoot = "";
			targets = (
				D87C083A1F9BC44F003835D1 /* M2020Escrow */,
				D87C084E1F9BC44F003835D1 /* M2020EscrowTests */,
				D87C08591F9BC44F003835D1 /* M2020EscrowUITests */,
			);
		};
/* End PBXProject section */

/* Begin PBXResourcesBuildPhase section */
		D87C08391F9BC44F003835D1 /* Resources */ = {
			isa = PBXResourcesBuildPhase;
			buildActionMask = 2147483647;
			files = (
				D87C08491F9BC44F003835D1 /* LaunchScreen.storyboard in Resources */,
				D847A2441F9C4F1C005086FA /* UserLoginViewController.xib in Resources */,
				D87C08461F9BC44F003835D1 /* Assets.xcassets in Resources */,
				D8FB59F61F9BF12A00E41437 /* SignInFirstStep.xib in Resources */,
				D8FB59FA1F9BF5D800E41437 /* NewUserSignUpFlow.storyboard in Resources */,
				D87C08441F9BC44F003835D1 /* Main.storyboard in Resources */,
			);
			runOnlyForDeploymentPostprocessing = 0;
		};
		D87C084D1F9BC44F003835D1 /* Resources */ = {
			isa = PBXResourcesBuildPhase;
			buildActionMask = 2147483647;
			files = (
			);
			runOnlyForDeploymentPostprocessing = 0;
		};
		D87C08581F9BC44F003835D1 /* Resources */ = {
			isa = PBXResourcesBuildPhase;
			buildActionMask = 2147483647;
			files = (
			);
			runOnlyForDeploymentPostprocessing = 0;
		};
/* End PBXResourcesBuildPhase section */

/* Begin PBXShellScriptBuildPhase section */
		12BE583ADD8EFC83B55F0496 /* [CP] Check Pods Manifest.lock */ = {
			isa = PBXShellScriptBuildPhase;
			buildActionMask = 2147483647;
			files = (
			);
			inputPaths = (
				"${PODS_PODFILE_DIR_PATH}/Podfile.lock",
				"${PODS_ROOT}/Manifest.lock",
			);
			name = "[CP] Check Pods Manifest.lock";
			outputPaths = (
				"$(DERIVED_FILE_DIR)/Pods-M2020Escrow-checkManifestLockResult.txt",
			);
			runOnlyForDeploymentPostprocessing = 0;
			shellPath = /bin/sh;
			shellScript = "diff \"${PODS_PODFILE_DIR_PATH}/Podfile.lock\" \"${PODS_ROOT}/Manifest.lock\" > /dev/null\nif [ $? != 0 ] ; then\n    # print error to STDERR\n    echo \"error: The sandbox is not in sync with the Podfile.lock. Run 'pod install' or update your CocoaPods installation.\" >&2\n    exit 1\nfi\n# This output is used by Xcode 'outputs' to avoid re-running this script phase.\necho \"SUCCESS\" > \"${SCRIPT_OUTPUT_FILE_0}\"\n";
			showEnvVarsInLog = 0;
		};
		17D361A32BE6F275529AC175 /* [CP] Embed Pods Frameworks */ = {
			isa = PBXShellScriptBuildPhase;
			buildActionMask = 2147483647;
			files = (
			);
			inputPaths = (
			);
			name = "[CP] Embed Pods Frameworks";
			outputPaths = (
			);
			runOnlyForDeploymentPostprocessing = 0;
			shellPath = /bin/sh;
			shellScript = "\"${SRCROOT}/Pods/Target Support Files/Pods-M2020EscrowTests/Pods-M2020EscrowTests-frameworks.sh\"\n";
			showEnvVarsInLog = 0;
		};
		24B616B3A4222B86BCDD18E4 /* [CP] Copy Pods Resources */ = {
			isa = PBXShellScriptBuildPhase;
			buildActionMask = 2147483647;
			files = (
			);
			inputPaths = (
			);
			name = "[CP] Copy Pods Resources";
			outputPaths = (
			);
			runOnlyForDeploymentPostprocessing = 0;
			shellPath = /bin/sh;
			shellScript = "\"${SRCROOT}/Pods/Target Support Files/Pods-M2020EscrowUITests/Pods-M2020EscrowUITests-resources.sh\"\n";
			showEnvVarsInLog = 0;
		};
		5D6CE1492756D6DD32A539B5 /* [CP] Copy Pods Resources */ = {
			isa = PBXShellScriptBuildPhase;
			buildActionMask = 2147483647;
			files = (
			);
			inputPaths = (
			);
			name = "[CP] Copy Pods Resources";
			outputPaths = (
			);
			runOnlyForDeploymentPostprocessing = 0;
			shellPath = /bin/sh;
			shellScript = "\"${SRCROOT}/Pods/Target Support Files/Pods-M2020Escrow/Pods-M2020Escrow-resources.sh\"\n";
			showEnvVarsInLog = 0;
		};
		B0A8A31906CDD75DCC88C6D5 /* [CP] Copy Pods Resources */ = {
			isa = PBXShellScriptBuildPhase;
			buildActionMask = 2147483647;
			files = (
			);
			inputPaths = (
			);
			name = "[CP] Copy Pods Resources";
			outputPaths = (
			);
			runOnlyForDeploymentPostprocessing = 0;
			shellPath = /bin/sh;
			shellScript = "\"${SRCROOT}/Pods/Target Support Files/Pods-M2020EscrowTests/Pods-M2020EscrowTests-resources.sh\"\n";
			showEnvVarsInLog = 0;
		};
		B2B70378E8A93FC6C4AEE35B /* [CP] Embed Pods Frameworks */ = {
			isa = PBXShellScriptBuildPhase;
			buildActionMask = 2147483647;
			files = (
			);
			inputPaths = (
			);
			name = "[CP] Embed Pods Frameworks";
			outputPaths = (
			);
			runOnlyForDeploymentPostprocessing = 0;
			shellPath = /bin/sh;
			shellScript = "\"${SRCROOT}/Pods/Target Support Files/Pods-M2020EscrowUITests/Pods-M2020EscrowUITests-frameworks.sh\"\n";
			showEnvVarsInLog = 0;
		};
		BA07487C72B0D5CAA18BB0A8 /* [CP] Check Pods Manifest.lock */ = {
			isa = PBXShellScriptBuildPhase;
			buildActionMask = 2147483647;
			files = (
			);
			inputPaths = (
				"${PODS_PODFILE_DIR_PATH}/Podfile.lock",
				"${PODS_ROOT}/Manifest.lock",
			);
			name = "[CP] Check Pods Manifest.lock";
			outputPaths = (
				"$(DERIVED_FILE_DIR)/Pods-M2020EscrowUITests-checkManifestLockResult.txt",
			);
			runOnlyForDeploymentPostprocessing = 0;
			shellPath = /bin/sh;
			shellScript = "diff \"${PODS_PODFILE_DIR_PATH}/Podfile.lock\" \"${PODS_ROOT}/Manifest.lock\" > /dev/null\nif [ $? != 0 ] ; then\n    # print error to STDERR\n    echo \"error: The sandbox is not in sync with the Podfile.lock. Run 'pod install' or update your CocoaPods installation.\" >&2\n    exit 1\nfi\n# This output is used by Xcode 'outputs' to avoid re-running this script phase.\necho \"SUCCESS\" > \"${SCRIPT_OUTPUT_FILE_0}\"\n";
			showEnvVarsInLog = 0;
		};
		C71959AD2006F3695F7E24E3 /* [CP] Check Pods Manifest.lock */ = {
			isa = PBXShellScriptBuildPhase;
			buildActionMask = 2147483647;
			files = (
			);
			inputPaths = (
				"${PODS_PODFILE_DIR_PATH}/Podfile.lock",
				"${PODS_ROOT}/Manifest.lock",
			);
			name = "[CP] Check Pods Manifest.lock";
			outputPaths = (
				"$(DERIVED_FILE_DIR)/Pods-M2020EscrowTests-checkManifestLockResult.txt",
			);
			runOnlyForDeploymentPostprocessing = 0;
			shellPath = /bin/sh;
			shellScript = "diff \"${PODS_PODFILE_DIR_PATH}/Podfile.lock\" \"${PODS_ROOT}/Manifest.lock\" > /dev/null\nif [ $? != 0 ] ; then\n    # print error to STDERR\n    echo \"error: The sandbox is not in sync with the Podfile.lock. Run 'pod install' or update your CocoaPods installation.\" >&2\n    exit 1\nfi\n# This output is used by Xcode 'outputs' to avoid re-running this script phase.\necho \"SUCCESS\" > \"${SCRIPT_OUTPUT_FILE_0}\"\n";
			showEnvVarsInLog = 0;
		};
		D84479886E9AD42FC9A174F5 /* [CP] Embed Pods Frameworks */ = {
			isa = PBXShellScriptBuildPhase;
			buildActionMask = 2147483647;
			files = (
			);
			inputPaths = (
				"${SRCROOT}/Pods/Target Support Files/Pods-M2020Escrow/Pods-M2020Escrow-frameworks.sh",
				"${BUILT_PRODUCTS_DIR}/Alamofire/Alamofire.framework",
				"${BUILT_PRODUCTS_DIR}/DZNEmptyDataSet/DZNEmptyDataSet.framework",
				"${BUILT_PRODUCTS_DIR}/MDFTextAccessibility/MDFTextAccessibility.framework",
				"${BUILT_PRODUCTS_DIR}/MaterialComponents/MaterialComponents.framework",
				"${BUILT_PRODUCTS_DIR}/SwiftyJSON/SwiftyJSON.framework",
				"${BUILT_PRODUCTS_DIR}/TextFieldEffects/TextFieldEffects.framework",
			);
			name = "[CP] Embed Pods Frameworks";
			outputPaths = (
				"${TARGET_BUILD_DIR}/${FRAMEWORKS_FOLDER_PATH}/Alamofire.framework",
				"${TARGET_BUILD_DIR}/${FRAMEWORKS_FOLDER_PATH}/DZNEmptyDataSet.framework",
				"${TARGET_BUILD_DIR}/${FRAMEWORKS_FOLDER_PATH}/MDFTextAccessibility.framework",
				"${TARGET_BUILD_DIR}/${FRAMEWORKS_FOLDER_PATH}/MaterialComponents.framework",
				"${TARGET_BUILD_DIR}/${FRAMEWORKS_FOLDER_PATH}/SwiftyJSON.framework",
				"${TARGET_BUILD_DIR}/${FRAMEWORKS_FOLDER_PATH}/TextFieldEffects.framework",
			);
			runOnlyForDeploymentPostprocessing = 0;
			shellPath = /bin/sh;
			shellScript = "\"${SRCROOT}/Pods/Target Support Files/Pods-M2020Escrow/Pods-M2020Escrow-frameworks.sh\"\n";
			showEnvVarsInLog = 0;
		};
/* End PBXShellScriptBuildPhase section */

/* Begin PBXSourcesBuildPhase section */
		D87C08371F9BC44F003835D1 /* Sources */ = {
			isa = PBXSourcesBuildPhase;
			buildActionMask = 2147483647;
			files = (
				D847A2431F9C4F1C005086FA /* UserLoginViewController.swift in Sources */,
				D847A2401F9C361D005086FA /* EnterNewAccountCCViewController.swift in Sources */,
				D87C08411F9BC44F003835D1 /* ViewController.swift in Sources */,
				D8FB59FC1F9BF8A400E41437 /* EnterNewAccountInfo.swift in Sources */,
				D8FB59F51F9BF12A00E41437 /* SignInFirstStep.swift in Sources */,
				D87C083F1F9BC44F003835D1 /* AppDelegate.swift in Sources */,
				D847A23E1F9C2950005086FA /* UserRegestrationObject.swift in Sources */,
			);
			runOnlyForDeploymentPostprocessing = 0;
		};
		D87C084B1F9BC44F003835D1 /* Sources */ = {
			isa = PBXSourcesBuildPhase;
			buildActionMask = 2147483647;
			files = (
				D87C08541F9BC44F003835D1 /* M2020EscrowTests.swift in Sources */,
			);
			runOnlyForDeploymentPostprocessing = 0;
		};
		D87C08561F9BC44F003835D1 /* Sources */ = {
			isa = PBXSourcesBuildPhase;
			buildActionMask = 2147483647;
			files = (
				D87C085F1F9BC44F003835D1 /* M2020EscrowUITests.swift in Sources */,
			);
			runOnlyForDeploymentPostprocessing = 0;
		};
/* End PBXSourcesBuildPhase section */

/* Begin PBXTargetDependency section */
		D87C08511F9BC44F003835D1 /* PBXTargetDependency */ = {
			isa = PBXTargetDependency;
			target = D87C083A1F9BC44F003835D1 /* M2020Escrow */;
			targetProxy = D87C08501F9BC44F003835D1 /* PBXContainerItemProxy */;
		};
		D87C085C1F9BC44F003835D1 /* PBXTargetDependency */ = {
			isa = PBXTargetDependency;
			target = D87C083A1F9BC44F003835D1 /* M2020Escrow */;
			targetProxy = D87C085B1F9BC44F003835D1 /* PBXContainerItemProxy */;
		};
/* End PBXTargetDependency section */

/* Begin PBXVariantGroup section */
		D87C08421F9BC44F003835D1 /* Main.storyboard */ = {
			isa = PBXVariantGroup;
			children = (
				D87C08431F9BC44F003835D1 /* Base */,
			);
			name = Main.storyboard;
			sourceTree = "<group>";
		};
		D87C08471F9BC44F003835D1 /* LaunchScreen.storyboard */ = {
			isa = PBXVariantGroup;
			children = (
				D87C08481F9BC44F003835D1 /* Base */,
			);
			name = LaunchScreen.storyboard;
			sourceTree = "<group>";
		};
/* End PBXVariantGroup section */

/* Begin XCBuildConfiguration section */
		D87C08611F9BC44F003835D1 /* Debug */ = {
			isa = XCBuildConfiguration;
			buildSettings = {
				ALWAYS_SEARCH_USER_PATHS = NO;
				CLANG_ANALYZER_NONNULL = YES;
				CLANG_ANALYZER_NUMBER_OBJECT_CONVERSION = YES_AGGRESSIVE;
				CLANG_CXX_LANGUAGE_STANDARD = "gnu++14";
				CLANG_CXX_LIBRARY = "libc++";
				CLANG_ENABLE_MODULES = YES;
				CLANG_ENABLE_OBJC_ARC = YES;
				CLANG_WARN_BLOCK_CAPTURE_AUTORELEASING = YES;
				CLANG_WARN_BOOL_CONVERSION = YES;
				CLANG_WARN_COMMA = YES;
				CLANG_WARN_CONSTANT_CONVERSION = YES;
				CLANG_WARN_DIRECT_OBJC_ISA_USAGE = YES_ERROR;
				CLANG_WARN_DOCUMENTATION_COMMENTS = YES;
				CLANG_WARN_EMPTY_BODY = YES;
				CLANG_WARN_ENUM_CONVERSION = YES;
				CLANG_WARN_INFINITE_RECURSION = YES;
				CLANG_WARN_INT_CONVERSION = YES;
				CLANG_WARN_NON_LITERAL_NULL_CONVERSION = YES;
				CLANG_WARN_OBJC_LITERAL_CONVERSION = YES;
				CLANG_WARN_OBJC_ROOT_CLASS = YES_ERROR;
				CLANG_WARN_RANGE_LOOP_ANALYSIS = YES;
				CLANG_WARN_STRICT_PROTOTYPES = YES;
				CLANG_WARN_SUSPICIOUS_MOVE = YES;
				CLANG_WARN_UNGUARDED_AVAILABILITY = YES_AGGRESSIVE;
				CLANG_WARN_UNREACHABLE_CODE = YES;
				CLANG_WARN__DUPLICATE_METHOD_MATCH = YES;
				CODE_SIGN_IDENTITY = "iPhone Developer";
				COPY_PHASE_STRIP = NO;
				DEBUG_INFORMATION_FORMAT = dwarf;
				ENABLE_STRICT_OBJC_MSGSEND = YES;
				ENABLE_TESTABILITY = YES;
				GCC_C_LANGUAGE_STANDARD = gnu11;
				GCC_DYNAMIC_NO_PIC = NO;
				GCC_NO_COMMON_BLOCKS = YES;
				GCC_OPTIMIZATION_LEVEL = 0;
				GCC_PREPROCESSOR_DEFINITIONS = (
					"DEBUG=1",
					"$(inherited)",
				);
				GCC_WARN_64_TO_32_BIT_CONVERSION = YES;
				GCC_WARN_ABOUT_RETURN_TYPE = YES_ERROR;
				GCC_WARN_UNDECLARED_SELECTOR = YES;
				GCC_WARN_UNINITIALIZED_AUTOS = YES_AGGRESSIVE;
				GCC_WARN_UNUSED_FUNCTION = YES;
				GCC_WARN_UNUSED_VARIABLE = YES;
				IPHONEOS_DEPLOYMENT_TARGET = 11.0;
				MTL_ENABLE_DEBUG_INFO = YES;
				ONLY_ACTIVE_ARCH = YES;
				SDKROOT = iphoneos;
				SWIFT_ACTIVE_COMPILATION_CONDITIONS = DEBUG;
				SWIFT_OPTIMIZATION_LEVEL = "-Onone";
			};
			name = Debug;
		};
		D87C08621F9BC44F003835D1 /* Release */ = {
			isa = XCBuildConfiguration;
			buildSettings = {
				ALWAYS_SEARCH_USER_PATHS = NO;
				CLANG_ANALYZER_NONNULL = YES;
				CLANG_ANALYZER_NUMBER_OBJECT_CONVERSION = YES_AGGRESSIVE;
				CLANG_CXX_LANGUAGE_STANDARD = "gnu++14";
				CLANG_CXX_LIBRARY = "libc++";
				CLANG_ENABLE_MODULES = YES;
				CLANG_ENABLE_OBJC_ARC = YES;
				CLANG_WARN_BLOCK_CAPTURE_AUTORELEASING = YES;
				CLANG_WARN_BOOL_CONVERSION = YES;
				CLANG_WARN_COMMA = YES;
				CLANG_WARN_CONSTANT_CONVERSION = YES;
				CLANG_WARN_DIRECT_OBJC_ISA_USAGE = YES_ERROR;
				CLANG_WARN_DOCUMENTATION_COMMENTS = YES;
				CLANG_WARN_EMPTY_BODY = YES;
				CLANG_WARN_ENUM_CONVERSION = YES;
				CLANG_WARN_INFINITE_RECURSION = YES;
				CLANG_WARN_INT_CONVERSION = YES;
				CLANG_WARN_NON_LITERAL_NULL_CONVERSION = YES;
				CLANG_WARN_OBJC_LITERAL_CONVERSION = YES;
				CLANG_WARN_OBJC_ROOT_CLASS = YES_ERROR;
				CLANG_WARN_RANGE_LOOP_ANALYSIS = YES;
				CLANG_WARN_STRICT_PROTOTYPES = YES;
				CLANG_WARN_SUSPICIOUS_MOVE = YES;
				CLANG_WARN_UNGUARDED_AVAILABILITY = YES_AGGRESSIVE;
				CLANG_WARN_UNREACHABLE_CODE = YES;
				CLANG_WARN__DUPLICATE_METHOD_MATCH = YES;
				CODE_SIGN_IDENTITY = "iPhone Developer";
				COPY_PHASE_STRIP = NO;
				DEBUG_INFORMATION_FORMAT = "dwarf-with-dsym";
				ENABLE_NS_ASSERTIONS = NO;
				ENABLE_STRICT_OBJC_MSGSEND = YES;
				GCC_C_LANGUAGE_STANDARD = gnu11;
				GCC_NO_COMMON_BLOCKS = YES;
				GCC_WARN_64_TO_32_BIT_CONVERSION = YES;
				GCC_WARN_ABOUT_RETURN_TYPE = YES_ERROR;
				GCC_WARN_UNDECLARED_SELECTOR = YES;
				GCC_WARN_UNINITIALIZED_AUTOS = YES_AGGRESSIVE;
				GCC_WARN_UNUSED_FUNCTION = YES;
				GCC_WARN_UNUSED_VARIABLE = YES;
				IPHONEOS_DEPLOYMENT_TARGET = 11.0;
				MTL_ENABLE_DEBUG_INFO = NO;
				SDKROOT = iphoneos;
				SWIFT_OPTIMIZATION_LEVEL = "-Owholemodule";
				VALIDATE_PRODUCT = YES;
			};
			name = Release;
		};
		D87C08641F9BC44F003835D1 /* Debug */ = {
			isa = XCBuildConfiguration;
			baseConfigurationReference = 4849193D4B209D1308EA8DB2 /* Pods-M2020Escrow.debug.xcconfig */;
			buildSettings = {
				ASSETCATALOG_COMPILER_APPICON_NAME = AppIcon;
				CODE_SIGN_STYLE = Automatic;
				DEVELOPMENT_TEAM = JMMLF4N74B;
				INFOPLIST_FILE = M2020Escrow/Info.plist;
				LD_RUNPATH_SEARCH_PATHS = "$(inherited) @executable_path/Frameworks";
				PRODUCT_BUNDLE_IDENTIFIER = com.nkhosla.M2020Escrow;
				PRODUCT_NAME = "$(TARGET_NAME)";
				SWIFT_VERSION = 4.0;
				TARGETED_DEVICE_FAMILY = "1,2";
			};
			name = Debug;
		};
		D87C08651F9BC44F003835D1 /* Release */ = {
			isa = XCBuildConfiguration;
			baseConfigurationReference = F17570A47F7BD72D38202DDB /* Pods-M2020Escrow.release.xcconfig */;
			buildSettings = {
				ASSETCATALOG_COMPILER_APPICON_NAME = AppIcon;
				CODE_SIGN_STYLE = Automatic;
				DEVELOPMENT_TEAM = JMMLF4N74B;
				INFOPLIST_FILE = M2020Escrow/Info.plist;
				LD_RUNPATH_SEARCH_PATHS = "$(inherited) @executable_path/Frameworks";
				PRODUCT_BUNDLE_IDENTIFIER = com.nkhosla.M2020Escrow;
				PRODUCT_NAME = "$(TARGET_NAME)";
				SWIFT_VERSION = 4.0;
				TARGETED_DEVICE_FAMILY = "1,2";
			};
			name = Release;
		};
		D87C08671F9BC44F003835D1 /* Debug */ = {
			isa = XCBuildConfiguration;
			baseConfigurationReference = 59DC2E60B1C6032A0868A5A4 /* Pods-M2020EscrowTests.debug.xcconfig */;
			buildSettings = {
				ALWAYS_EMBED_SWIFT_STANDARD_LIBRARIES = YES;
				BUNDLE_LOADER = "$(TEST_HOST)";
				CODE_SIGN_STYLE = Automatic;
				DEVELOPMENT_TEAM = JMMLF4N74B;
				INFOPLIST_FILE = M2020EscrowTests/Info.plist;
				LD_RUNPATH_SEARCH_PATHS = "$(inherited) @executable_path/Frameworks @loader_path/Frameworks";
				PRODUCT_BUNDLE_IDENTIFIER = com.nkhosla.M2020EscrowTests;
				PRODUCT_NAME = "$(TARGET_NAME)";
				SWIFT_VERSION = 4.0;
				TARGETED_DEVICE_FAMILY = "1,2";
				TEST_HOST = "$(BUILT_PRODUCTS_DIR)/M2020Escrow.app/M2020Escrow";
			};
			name = Debug;
		};
		D87C08681F9BC44F003835D1 /* Release */ = {
			isa = XCBuildConfiguration;
			baseConfigurationReference = DB565297EA2A4F29A4BC78F7 /* Pods-M2020EscrowTests.release.xcconfig */;
			buildSettings = {
				ALWAYS_EMBED_SWIFT_STANDARD_LIBRARIES = YES;
				BUNDLE_LOADER = "$(TEST_HOST)";
				CODE_SIGN_STYLE = Automatic;
				DEVELOPMENT_TEAM = JMMLF4N74B;
				INFOPLIST_FILE = M2020EscrowTests/Info.plist;
				LD_RUNPATH_SEARCH_PATHS = "$(inherited) @executable_path/Frameworks @loader_path/Frameworks";
				PRODUCT_BUNDLE_IDENTIFIER = com.nkhosla.M2020EscrowTests;
				PRODUCT_NAME = "$(TARGET_NAME)";
				SWIFT_VERSION = 4.0;
				TARGETED_DEVICE_FAMILY = "1,2";
				TEST_HOST = "$(BUILT_PRODUCTS_DIR)/M2020Escrow.app/M2020Escrow";
			};
			name = Release;
		};
		D87C086A1F9BC44F003835D1 /* Debug */ = {
			isa = XCBuildConfiguration;
			baseConfigurationReference = 67A839FAC745B29D944C0C68 /* Pods-M2020EscrowUITests.debug.xcconfig */;
			buildSettings = {
				ALWAYS_EMBED_SWIFT_STANDARD_LIBRARIES = YES;
				CODE_SIGN_STYLE = Automatic;
				DEVELOPMENT_TEAM = JMMLF4N74B;
				INFOPLIST_FILE = M2020EscrowUITests/Info.plist;
				LD_RUNPATH_SEARCH_PATHS = "$(inherited) @executable_path/Frameworks @loader_path/Frameworks";
				PRODUCT_BUNDLE_IDENTIFIER = com.nkhosla.M2020EscrowUITests;
				PRODUCT_NAME = "$(TARGET_NAME)";
				SWIFT_VERSION = 4.0;
				TARGETED_DEVICE_FAMILY = "1,2";
				TEST_TARGET_NAME = M2020Escrow;
			};
			name = Debug;
		};
		D87C086B1F9BC44F003835D1 /* Release */ = {
			isa = XCBuildConfiguration;
			baseConfigurationReference = 7C3DA0BB2B4F0DA864091EF0 /* Pods-M2020EscrowUITests.release.xcconfig */;
			buildSettings = {
				ALWAYS_EMBED_SWIFT_STANDARD_LIBRARIES = YES;
				CODE_SIGN_STYLE = Automatic;
				DEVELOPMENT_TEAM = JMMLF4N74B;
				INFOPLIST_FILE = M2020EscrowUITests/Info.plist;
				LD_RUNPATH_SEARCH_PATHS = "$(inherited) @executable_path/Frameworks @loader_path/Frameworks";
				PRODUCT_BUNDLE_IDENTIFIER = com.nkhosla.M2020EscrowUITests;
				PRODUCT_NAME = "$(TARGET_NAME)";
				SWIFT_VERSION = 4.0;
				TARGETED_DEVICE_FAMILY = "1,2";
				TEST_TARGET_NAME = M2020Escrow;
			};
			name = Release;
		};
/* End XCBuildConfiguration section */

/* Begin XCConfigurationList section */
		D87C08361F9BC44F003835D1 /* Build configuration list for PBXProject "M2020Escrow" */ = {
			isa = XCConfigurationList;
			buildConfigurations = (
				D87C08611F9BC44F003835D1 /* Debug */,
				D87C08621F9BC44F003835D1 /* Release */,
			);
			defaultConfigurationIsVisible = 0;
			defaultConfigurationName = Release;
		};
		D87C08631F9BC44F003835D1 /* Build configuration list for PBXNativeTarget "M2020Escrow" */ = {
			isa = XCConfigurationList;
			buildConfigurations = (
				D87C08641F9BC44F003835D1 /* Debug */,
				D87C08651F9BC44F003835D1 /* Release */,
			);
			defaultConfigurationIsVisible = 0;
			defaultConfigurationName = Release;
		};
		D87C08661F9BC44F003835D1 /* Build configuration list for PBXNativeTarget "M2020EscrowTests" */ = {
			isa = XCConfigurationList;
			buildConfigurations = (
				D87C08671F9BC44F003835D1 /* Debug */,
				D87C08681F9BC44F003835D1 /* Release */,
			);
			defaultConfigurationIsVisible = 0;
			defaultConfigurationName = Release;
		};
		D87C08691F9BC44F003835D1 /* Build configuration list for PBXNativeTarget "M2020EscrowUITests" */ = {
			isa = XCConfigurationList;
			buildConfigurations = (
				D87C086A1F9BC44F003835D1 /* Debug */,
				D87C086B1F9BC44F003835D1 /* Release */,
			);
			defaultConfigurationIsVisible = 0;
			defaultConfigurationName = Release;
		};
/* End XCConfigurationList section */
	};
	rootObject = D87C08331F9BC44F003835D1 /* Project object */;
}
